
Microsoft Visual Studio Solution File, Format Version 12.00
Project("{FAE04EC0-301F-11D3-BF4B-00C04F79EFBC}") = "MarketingCampaign", "MarketingCampaign\MarketingCampaign.csproj", "{1848147E-9642-4930-B4B0-2078D95291D5}"
EndProject
Project("{FAE04EC0-301F-11D3-BF4B-00C04F79EFBC}") = "MarketingCampaign.Tests", "MarketingCampaign.Tests\MarketingCampaign.Tests.csproj", "{0CBCCFDF-BB72-4387-BAD1-EC3860EAA1E4}"
EndProject
Global
	GlobalSection(SolutionConfigurationPlatforms) = preSolution
		Debug|Any CPU = Debug|Any CPU
		Release|Any CPU = Release|Any CPU
	EndGlobalSection
	GlobalSection(ProjectConfigurationPlatforms) = postSolution
		{1848147E-9642-4930-B4B0-2078D95291D5}.Debug|Any CPU.ActiveCfg = Debug|Any CPU
		{1848147E-9642-4930-B4B0-2078D95291D5}.Debug|Any CPU.Build.0 = Debug|Any CPU
		{1848147E-9642-4930-B4B0-2078D95291D5}.Release|Any CPU.ActiveCfg = Release|Any CPU
		{1848147E-9642-4930-B4B0-2078D95291D5}.Release|Any CPU.Build.0 = Release|Any CPU
		{0CBCCFDF-BB72-4387-BAD1-EC3860EAA1E4}.Debug|Any CPU.ActiveCfg = Debug|Any CPU
		{0CBCCFDF-BB72-4387-BAD1-EC3860EAA1E4}.Debug|Any CPU.Build.0 = Debug|Any CPU
		{0CBCCFDF-BB72-4387-BAD1-EC3860EAA1E4}.Release|Any CPU.ActiveCfg = Release|Any CPU
		{0CBCCFDF-BB72-4387-BAD1-EC3860EAA1E4}.Release|Any CPU.Build.0 = Release|Any CPU
	EndGlobalSection
EndGlobal
